
Microsoft Visual Studio Solution File, Format Version 12.00
# Visual Studio Version 16
VisualStudioVersion = 16.0.30128.74
MinimumVisualStudioVersion = 10.0.40219.1
Project("{FAE04EC0-301F-11D3-BF4B-00C04F79EFBC}") = "CSGSupportOutlookAddin", "CSGSupportOutlookAddin\CSGSupportOutlookAddin.csproj", "{FBC33318-0E8A-4C0E-94E9-0C57094D338D}"
EndProject
Global
	GlobalSection(SolutionConfigurationPlatforms) = preSolution
		Debug|Any CPU = Debug|Any CPU
		Release|Any CPU = Release|Any CPU
	EndGlobalSection
	GlobalSection(ProjectConfigurationPlatforms) = postSolution
		{FBC33318-0E8A-4C0E-94E9-0C57094D338D}.Debug|Any CPU.ActiveCfg = Debug|Any CPU
		{FBC33318-0E8A-4C0E-94E9-0C57094D338D}.Debug|Any CPU.Build.0 = Debug|Any CPU
		{FBC33318-0E8A-4C0E-94E9-0C57094D338D}.Release|Any CPU.ActiveCfg = Release|Any CPU
		{FBC33318-0E8A-4C0E-94E9-0C57094D338D}.Release|Any CPU.Build.0 = Release|Any CPU
	EndGlobalSection
	GlobalSection(SolutionProperties) = preSolution
		HideSolutionNode = FALSE
	EndGlobalSection
	GlobalSection(ExtensibilityGlobals) = postSolution
		SolutionGuid = {3E368B32-5836-4779-A30B-D9A659C41007}
	EndGlobalSection
EndGlobal
